
Microsoft Visual Studio Solution File, Format Version 12.00
# Visual Studio Version 17
VisualStudioVersion = 17.1.32210.238
MinimumVisualStudioVersion = 10.0.40219.1
Project("{FAE04EC0-301F-11D3-BF4B-00C04F79EFBC}") = "NTP", "NTP\NTP.csproj", "{F4ACBB21-D303-406E-B937-DC2EF0A43CA6}"
EndProject
Project("{FAE04EC0-301F-11D3-BF4B-00C04F79EFBC}") = "ServerNTP", "ServerNTP\ServerNTP.csproj", "{B937BD5C-47D3-4CAA-824D-5D78A4F30CEE}"
EndProject
Project("{FAE04EC0-301F-11D3-BF4B-00C04F79EFBC}") = "ClientNTP", "ClientNTP\ClientNTP.csproj", "{FCF02880-F4C6-4050-AE01-682839B662D1}"
EndProject
Global
	GlobalSection(SolutionConfigurationPlatforms) = preSolution
		Debug|Any CPU = Debug|Any CPU
		Release|Any CPU = Release|Any CPU
	EndGlobalSection
	GlobalSection(ProjectConfigurationPlatforms) = postSolution
		{F4ACBB21-D303-406E-B937-DC2EF0A43CA6}.Debug|Any CPU.ActiveCfg = Debug|Any CPU
		{F4ACBB21-D303-406E-B937-DC2EF0A43CA6}.Debug|Any CPU.Build.0 = Debug|Any CPU
		{F4ACBB21-D303-406E-B937-DC2EF0A43CA6}.Release|Any CPU.ActiveCfg = Release|Any CPU
		{F4ACBB21-D303-406E-B937-DC2EF0A43CA6}.Release|Any CPU.Build.0 = Release|Any CPU
		{B937BD5C-47D3-4CAA-824D-5D78A4F30CEE}.Debug|Any CPU.ActiveCfg = Debug|Any CPU
		{B937BD5C-47D3-4CAA-824D-5D78A4F30CEE}.Debug|Any CPU.Build.0 = Debug|Any CPU
		{B937BD5C-47D3-4CAA-824D-5D78A4F30CEE}.Release|Any CPU.ActiveCfg = Release|Any CPU
		{B937BD5C-47D3-4CAA-824D-5D78A4F30CEE}.Release|Any CPU.Build.0 = Release|Any CPU
		{FCF02880-F4C6-4050-AE01-682839B662D1}.Debug|Any CPU.ActiveCfg = Debug|Any CPU
		{FCF02880-F4C6-4050-AE01-682839B662D1}.Debug|Any CPU.Build.0 = Debug|Any CPU
		{FCF02880-F4C6-4050-AE01-682839B662D1}.Release|Any CPU.ActiveCfg = Release|Any CPU
		{FCF02880-F4C6-4050-AE01-682839B662D1}.Release|Any CPU.Build.0 = Release|Any CPU
	EndGlobalSection
	GlobalSection(SolutionProperties) = preSolution
		HideSolutionNode = FALSE
	EndGlobalSection
	GlobalSection(ExtensibilityGlobals) = postSolution
		SolutionGuid = {8C52704F-AD56-4AE2-B54B-376762E2FE71}
	EndGlobalSection
EndGlobal
